# This file is autogenerated, do not edit; changes may be undone by the next 'dep ensure'.


[[projects]]
  branch = "master"
  name = "github.com/andlabs/ui"
  packages = ["."]
  revision = "6c3bda44d3039e3721c06516be3ab9ce9cbd48cc"

[[projects]]
  branch = "master"
  name = "github.com/shibukawa/configdir"
  packages = ["."]
  revision = "e180dbdc8da04c4fa04272e875ce64949f38bd3e"

[solve-meta]
  analyzer-name = "dep"
  analyzer-version = 1
  inputs-digest = "7e032ead6861e01a9d7580978a4af7abc2d450d777c73dbae313fbb010827933"
  solver-name = "gps-cdcl"
  solver-version = 1
